
Microsoft Visual Studio Solution File, Format Version 11.00
# Visual Studio 2010
Project("{FAE04EC0-301F-11D3-BF4B-00C04F79EFBC}") = "MoreMountains.Feedbacks.MMTools", "MoreMountains.Feedbacks.MMTools.csproj", "{dad9404f-3000-2d17-a88c-84aea33ae9b5}"
EndProject
Project("{FAE04EC0-301F-11D3-BF4B-00C04F79EFBC}") = "MoreMountains.Interface", "MoreMountains.Interface.csproj", "{9d5eb282-33f2-f335-899e-be6c5a3b0b1b}"
EndProject
Project("{FAE04EC0-301F-11D3-BF4B-00C04F79EFBC}") = "MoreMountains.Feedbacks", "MoreMountains.Feedbacks.csproj", "{129c69a1-9653-47a8-1870-abf4022f73d6}"
EndProject
Project("{FAE04EC0-301F-11D3-BF4B-00C04F79EFBC}") = "MoreMountains.CorgiEngine", "MoreMountains.CorgiEngine.csproj", "{ed0461ff-3a81-96eb-5e25-c0ecb4382203}"
EndProject
Project("{FAE04EC0-301F-11D3-BF4B-00C04F79EFBC}") = "MoreMountains.Tools", "MoreMountains.Tools.csproj", "{1fba2171-3f2a-c1f9-0607-6775684890fc}"
EndProject
Project("{FAE04EC0-301F-11D3-BF4B-00C04F79EFBC}") = "MoreMountains.InventoryEngine", "MoreMountains.InventoryEngine.csproj", "{ea396bd6-1b1b-f562-3741-888cda1c136e}"
EndProject
Project("{FAE04EC0-301F-11D3-BF4B-00C04F79EFBC}") = "Assembly-CSharp", "Assembly-CSharp.csproj", "{1ee40a10-5398-a100-0814-c759729749eb}"
EndProject
Project("{FAE04EC0-301F-11D3-BF4B-00C04F79EFBC}") = "MoreMountains.Feedbacks.TextMeshPro", "MoreMountains.Feedbacks.TextMeshPro.csproj", "{dc65c747-94fc-cc37-47b0-f4deef88eb7c}"
EndProject
Project("{FAE04EC0-301F-11D3-BF4B-00C04F79EFBC}") = "MoreMountains.Feedbacks.PostProcessing", "MoreMountains.Feedbacks.PostProcessing.csproj", "{89ef59bf-c7f4-02c1-dcaf-ff25b2339ac9}"
EndProject
Project("{FAE04EC0-301F-11D3-BF4B-00C04F79EFBC}") = "MoreMountains.CorgiEngine.Demos", "MoreMountains.CorgiEngine.Demos.csproj", "{5aee9025-bd0a-7faa-3e03-b5ea90375109}"
EndProject
Project("{FAE04EC0-301F-11D3-BF4B-00C04F79EFBC}") = "MoreMountains.Feedbacks.Cinemachine", "MoreMountains.Feedbacks.Cinemachine.csproj", "{50d25a64-a5e7-6495-296b-b9c95a124764}"
EndProject
Project("{FAE04EC0-301F-11D3-BF4B-00C04F79EFBC}") = "MoreMountains.CorgiEngine.Cinemachine", "MoreMountains.CorgiEngine.Cinemachine.csproj", "{b5bf4f7c-df4f-0270-fdf1-a9d68f8c060d}"
EndProject
Project("{FAE04EC0-301F-11D3-BF4B-00C04F79EFBC}") = "MoreMountains.Tools.Feedbacks", "MoreMountains.Tools.Feedbacks.csproj", "{a32070e3-6d09-57cf-5302-f5cb542a2935}"
EndProject
Project("{FAE04EC0-301F-11D3-BF4B-00C04F79EFBC}") = "MoreMountains.InventoryEngine.Demos", "MoreMountains.InventoryEngine.Demos.csproj", "{f3288809-5eff-1ef3-cbcf-496ee27a5dc8}"
EndProject
Project("{FAE04EC0-301F-11D3-BF4B-00C04F79EFBC}") = "MoreMountains.Tools.Cinemachine", "MoreMountains.Tools.Cinemachine.csproj", "{7e70d1f0-791a-5b1e-47b8-00066fdf806a}"
EndProject
Project("{FAE04EC0-301F-11D3-BF4B-00C04F79EFBC}") = "MoreMountains.Tools.Editor", "MoreMountains.Tools.Editor.csproj", "{df9e0bbe-01f6-a9a9-d5ab-79e2f4517deb}"
EndProject
Project("{FAE04EC0-301F-11D3-BF4B-00C04F79EFBC}") = "MoreMountains.InventoryEngine.Editor", "MoreMountains.InventoryEngine.Editor.csproj", "{51abd3b5-9ac7-daba-3f31-1ea71040b1ea}"
EndProject
Project("{FAE04EC0-301F-11D3-BF4B-00C04F79EFBC}") = "MoreMountains.Feedbacks.Editor", "MoreMountains.Feedbacks.Editor.csproj", "{087be097-a9b6-8154-06f9-245df03be09c}"
EndProject
Project("{FAE04EC0-301F-11D3-BF4B-00C04F79EFBC}") = "Assembly-CSharp-Editor", "Assembly-CSharp-Editor.csproj", "{c30b0341-d2a9-4c4b-a580-d8bf83d7419f}"
EndProject
Project("{FAE04EC0-301F-11D3-BF4B-00C04F79EFBC}") = "MoreMountains.CorgiEngine.Editor", "MoreMountains.CorgiEngine.Editor.csproj", "{46d3b713-19bb-9d81-8e75-2a0a6c367e39}"
EndProject
Project("{FAE04EC0-301F-11D3-BF4B-00C04F79EFBC}") = "MoreMountains.Tools.Feedbacks.Editor", "MoreMountains.Tools.Feedbacks.Editor.csproj", "{34ad488e-9cec-8600-c3ae-e9fcac0776fc}"
EndProject
Project("{FAE04EC0-301F-11D3-BF4B-00C04F79EFBC}") = "MoreMountains.CorgiEngine.Demos.Editor", "MoreMountains.CorgiEngine.Demos.Editor.csproj", "{820816c5-d3ea-1c66-ae3a-e7b17e8b9265}"
EndProject
Project("{FAE04EC0-301F-11D3-BF4B-00C04F79EFBC}") = "MoreMountains.CorgiEngine.Cinemachine.Editor", "MoreMountains.CorgiEngine.Cinemachine.Editor.csproj", "{f66b4b66-e025-b41c-ebab-93d66453271c}"
EndProject
Project("{FAE04EC0-301F-11D3-BF4B-00C04F79EFBC}") = "MoreMountains.Interface.Editor", "MoreMountains.Interface.Editor.csproj", "{0f98141e-6935-fba8-bbfc-6fb71c030191}"
EndProject
Global
	GlobalSection(SolutionConfigurationPlatforms) = preSolution
		Debug|Any CPU = Debug|Any CPU
		Release|Any CPU = Release|Any CPU
	EndGlobalSection
	GlobalSection(ProjectConfigurationPlatforms) = postSolution
		{dad9404f-3000-2d17-a88c-84aea33ae9b5}.Debug|Any CPU.ActiveCfg = Debug|Any CPU
		{dad9404f-3000-2d17-a88c-84aea33ae9b5}.Debug|Any CPU.Build.0 = Debug|Any CPU
		{dad9404f-3000-2d17-a88c-84aea33ae9b5}.Release|Any CPU.ActiveCfg = Release|Any CPU
		{dad9404f-3000-2d17-a88c-84aea33ae9b5}.Release|Any CPU.Build.0 = Release|Any CPU
		{9d5eb282-33f2-f335-899e-be6c5a3b0b1b}.Debug|Any CPU.ActiveCfg = Debug|Any CPU
		{9d5eb282-33f2-f335-899e-be6c5a3b0b1b}.Debug|Any CPU.Build.0 = Debug|Any CPU
		{9d5eb282-33f2-f335-899e-be6c5a3b0b1b}.Release|Any CPU.ActiveCfg = Release|Any CPU
		{9d5eb282-33f2-f335-899e-be6c5a3b0b1b}.Release|Any CPU.Build.0 = Release|Any CPU
		{129c69a1-9653-47a8-1870-abf4022f73d6}.Debug|Any CPU.ActiveCfg = Debug|Any CPU
		{129c69a1-9653-47a8-1870-abf4022f73d6}.Debug|Any CPU.Build.0 = Debug|Any CPU
		{129c69a1-9653-47a8-1870-abf4022f73d6}.Release|Any CPU.ActiveCfg = Release|Any CPU
		{129c69a1-9653-47a8-1870-abf4022f73d6}.Release|Any CPU.Build.0 = Release|Any CPU
		{ed0461ff-3a81-96eb-5e25-c0ecb4382203}.Debug|Any CPU.ActiveCfg = Debug|Any CPU
		{ed0461ff-3a81-96eb-5e25-c0ecb4382203}.Debug|Any CPU.Build.0 = Debug|Any CPU
		{ed0461ff-3a81-96eb-5e25-c0ecb4382203}.Release|Any CPU.ActiveCfg = Release|Any CPU
		{ed0461ff-3a81-96eb-5e25-c0ecb4382203}.Release|Any CPU.Build.0 = Release|Any CPU
		{1fba2171-3f2a-c1f9-0607-6775684890fc}.Debug|Any CPU.ActiveCfg = Debug|Any CPU
		{1fba2171-3f2a-c1f9-0607-6775684890fc}.Debug|Any CPU.Build.0 = Debug|Any CPU
		{1fba2171-3f2a-c1f9-0607-6775684890fc}.Release|Any CPU.ActiveCfg = Release|Any CPU
		{1fba2171-3f2a-c1f9-0607-6775684890fc}.Release|Any CPU.Build.0 = Release|Any CPU
		{ea396bd6-1b1b-f562-3741-888cda1c136e}.Debug|Any CPU.ActiveCfg = Debug|Any CPU
		{ea396bd6-1b1b-f562-3741-888cda1c136e}.Debug|Any CPU.Build.0 = Debug|Any CPU
		{ea396bd6-1b1b-f562-3741-888cda1c136e}.Release|Any CPU.ActiveCfg = Release|Any CPU
		{ea396bd6-1b1b-f562-3741-888cda1c136e}.Release|Any CPU.Build.0 = Release|Any CPU
		{1ee40a10-5398-a100-0814-c759729749eb}.Debug|Any CPU.ActiveCfg = Debug|Any CPU
		{1ee40a10-5398-a100-0814-c759729749eb}.Debug|Any CPU.Build.0 = Debug|Any CPU
		{1ee40a10-5398-a100-0814-c759729749eb}.Release|Any CPU.ActiveCfg = Release|Any CPU
		{1ee40a10-5398-a100-0814-c759729749eb}.Release|Any CPU.Build.0 = Release|Any CPU
		{dc65c747-94fc-cc37-47b0-f4deef88eb7c}.Debug|Any CPU.ActiveCfg = Debug|Any CPU
		{dc65c747-94fc-cc37-47b0-f4deef88eb7c}.Debug|Any CPU.Build.0 = Debug|Any CPU
		{dc65c747-94fc-cc37-47b0-f4deef88eb7c}.Release|Any CPU.ActiveCfg = Release|Any CPU
		{dc65c747-94fc-cc37-47b0-f4deef88eb7c}.Release|Any CPU.Build.0 = Release|Any CPU
		{89ef59bf-c7f4-02c1-dcaf-ff25b2339ac9}.Debug|Any CPU.ActiveCfg = Debug|Any CPU
		{89ef59bf-c7f4-02c1-dcaf-ff25b2339ac9}.Debug|Any CPU.Build.0 = Debug|Any CPU
		{89ef59bf-c7f4-02c1-dcaf-ff25b2339ac9}.Release|Any CPU.ActiveCfg = Release|Any CPU
		{89ef59bf-c7f4-02c1-dcaf-ff25b2339ac9}.Release|Any CPU.Build.0 = Release|Any CPU
		{5aee9025-bd0a-7faa-3e03-b5ea90375109}.Debug|Any CPU.ActiveCfg = Debug|Any CPU
		{5aee9025-bd0a-7faa-3e03-b5ea90375109}.Debug|Any CPU.Build.0 = Debug|Any CPU
		{5aee9025-bd0a-7faa-3e03-b5ea90375109}.Release|Any CPU.ActiveCfg = Release|Any CPU
		{5aee9025-bd0a-7faa-3e03-b5ea90375109}.Release|Any CPU.Build.0 = Release|Any CPU
		{50d25a64-a5e7-6495-296b-b9c95a124764}.Debug|Any CPU.ActiveCfg = Debug|Any CPU
		{50d25a64-a5e7-6495-296b-b9c95a124764}.Debug|Any CPU.Build.0 = Debug|Any CPU
		{50d25a64-a5e7-6495-296b-b9c95a124764}.Release|Any CPU.ActiveCfg = Release|Any CPU
		{50d25a64-a5e7-6495-296b-b9c95a124764}.Release|Any CPU.Build.0 = Release|Any CPU
		{b5bf4f7c-df4f-0270-fdf1-a9d68f8c060d}.Debug|Any CPU.ActiveCfg = Debug|Any CPU
		{b5bf4f7c-df4f-0270-fdf1-a9d68f8c060d}.Debug|Any CPU.Build.0 = Debug|Any CPU
		{b5bf4f7c-df4f-0270-fdf1-a9d68f8c060d}.Release|Any CPU.ActiveCfg = Release|Any CPU
		{b5bf4f7c-df4f-0270-fdf1-a9d68f8c060d}.Release|Any CPU.Build.0 = Release|Any CPU
		{a32070e3-6d09-57cf-5302-f5cb542a2935}.Debug|Any CPU.ActiveCfg = Debug|Any CPU
		{a32070e3-6d09-57cf-5302-f5cb542a2935}.Debug|Any CPU.Build.0 = Debug|Any CPU
		{a32070e3-6d09-57cf-5302-f5cb542a2935}.Release|Any CPU.ActiveCfg = Release|Any CPU
		{a32070e3-6d09-57cf-5302-f5cb542a2935}.Release|Any CPU.Build.0 = Release|Any CPU
		{f3288809-5eff-1ef3-cbcf-496ee27a5dc8}.Debug|Any CPU.ActiveCfg = Debug|Any CPU
		{f3288809-5eff-1ef3-cbcf-496ee27a5dc8}.Debug|Any CPU.Build.0 = Debug|Any CPU
		{f3288809-5eff-1ef3-cbcf-496ee27a5dc8}.Release|Any CPU.ActiveCfg = Release|Any CPU
		{f3288809-5eff-1ef3-cbcf-496ee27a5dc8}.Release|Any CPU.Build.0 = Release|Any CPU
		{7e70d1f0-791a-5b1e-47b8-00066fdf806a}.Debug|Any CPU.ActiveCfg = Debug|Any CPU
		{7e70d1f0-791a-5b1e-47b8-00066fdf806a}.Debug|Any CPU.Build.0 = Debug|Any CPU
		{7e70d1f0-791a-5b1e-47b8-00066fdf806a}.Release|Any CPU.ActiveCfg = Release|Any CPU
		{7e70d1f0-791a-5b1e-47b8-00066fdf806a}.Release|Any CPU.Build.0 = Release|Any CPU
		{df9e0bbe-01f6-a9a9-d5ab-79e2f4517deb}.Debug|Any CPU.ActiveCfg = Debug|Any CPU
		{df9e0bbe-01f6-a9a9-d5ab-79e2f4517deb}.Debug|Any CPU.Build.0 = Debug|Any CPU
		{df9e0bbe-01f6-a9a9-d5ab-79e2f4517deb}.Release|Any CPU.ActiveCfg = Release|Any CPU
		{df9e0bbe-01f6-a9a9-d5ab-79e2f4517deb}.Release|Any CPU.Build.0 = Release|Any CPU
		{51abd3b5-9ac7-daba-3f31-1ea71040b1ea}.Debug|Any CPU.ActiveCfg = Debug|Any CPU
		{51abd3b5-9ac7-daba-3f31-1ea71040b1ea}.Debug|Any CPU.Build.0 = Debug|Any CPU
		{51abd3b5-9ac7-daba-3f31-1ea71040b1ea}.Release|Any CPU.ActiveCfg = Release|Any CPU
		{51abd3b5-9ac7-daba-3f31-1ea71040b1ea}.Release|Any CPU.Build.0 = Release|Any CPU
		{087be097-a9b6-8154-06f9-245df03be09c}.Debug|Any CPU.ActiveCfg = Debug|Any CPU
		{087be097-a9b6-8154-06f9-245df03be09c}.Debug|Any CPU.Build.0 = Debug|Any CPU
		{087be097-a9b6-8154-06f9-245df03be09c}.Release|Any CPU.ActiveCfg = Release|Any CPU
		{087be097-a9b6-8154-06f9-245df03be09c}.Release|Any CPU.Build.0 = Release|Any CPU
		{c30b0341-d2a9-4c4b-a580-d8bf83d7419f}.Debug|Any CPU.ActiveCfg = Debug|Any CPU
		{c30b0341-d2a9-4c4b-a580-d8bf83d7419f}.Debug|Any CPU.Build.0 = Debug|Any CPU
		{c30b0341-d2a9-4c4b-a580-d8bf83d7419f}.Release|Any CPU.ActiveCfg = Release|Any CPU
		{c30b0341-d2a9-4c4b-a580-d8bf83d7419f}.Release|Any CPU.Build.0 = Release|Any CPU
		{46d3b713-19bb-9d81-8e75-2a0a6c367e39}.Debug|Any CPU.ActiveCfg = Debug|Any CPU
		{46d3b713-19bb-9d81-8e75-2a0a6c367e39}.Debug|Any CPU.Build.0 = Debug|Any CPU
		{46d3b713-19bb-9d81-8e75-2a0a6c367e39}.Release|Any CPU.ActiveCfg = Release|Any CPU
		{46d3b713-19bb-9d81-8e75-2a0a6c367e39}.Release|Any CPU.Build.0 = Release|Any CPU
		{34ad488e-9cec-8600-c3ae-e9fcac0776fc}.Debug|Any CPU.ActiveCfg = Debug|Any CPU
		{34ad488e-9cec-8600-c3ae-e9fcac0776fc}.Debug|Any CPU.Build.0 = Debug|Any CPU
		{34ad488e-9cec-8600-c3ae-e9fcac0776fc}.Release|Any CPU.ActiveCfg = Release|Any CPU
		{34ad488e-9cec-8600-c3ae-e9fcac0776fc}.Release|Any CPU.Build.0 = Release|Any CPU
		{820816c5-d3ea-1c66-ae3a-e7b17e8b9265}.Debug|Any CPU.ActiveCfg = Debug|Any CPU
		{820816c5-d3ea-1c66-ae3a-e7b17e8b9265}.Debug|Any CPU.Build.0 = Debug|Any CPU
		{820816c5-d3ea-1c66-ae3a-e7b17e8b9265}.Release|Any CPU.ActiveCfg = Release|Any CPU
		{820816c5-d3ea-1c66-ae3a-e7b17e8b9265}.Release|Any CPU.Build.0 = Release|Any CPU
		{f66b4b66-e025-b41c-ebab-93d66453271c}.Debug|Any CPU.ActiveCfg = Debug|Any CPU
		{f66b4b66-e025-b41c-ebab-93d66453271c}.Debug|Any CPU.Build.0 = Debug|Any CPU
		{f66b4b66-e025-b41c-ebab-93d66453271c}.Release|Any CPU.ActiveCfg = Release|Any CPU
		{f66b4b66-e025-b41c-ebab-93d66453271c}.Release|Any CPU.Build.0 = Release|Any CPU
		{0f98141e-6935-fba8-bbfc-6fb71c030191}.Debug|Any CPU.ActiveCfg = Debug|Any CPU
		{0f98141e-6935-fba8-bbfc-6fb71c030191}.Debug|Any CPU.Build.0 = Debug|Any CPU
		{0f98141e-6935-fba8-bbfc-6fb71c030191}.Release|Any CPU.ActiveCfg = Release|Any CPU
		{0f98141e-6935-fba8-bbfc-6fb71c030191}.Release|Any CPU.Build.0 = Release|Any CPU
	EndGlobalSection
	GlobalSection(SolutionProperties) = preSolution
		HideSolutionNode = FALSE
	EndGlobalSection
EndGlobal
